// !$*UTF8*$!
{
	archiveVersion = 1;
	classes = {
	};
	objectVersion = 77;
	objects = {

/* Begin PBXBuildFile section */
		90B513C42DF2F088005DCC2A /* FirebaseAnalytics in Frameworks */ = {isa = PBXBuildFile; productRef = 90B513C32DF2F088005DCC2A /* FirebaseAnalytics */; };
		90B513C62DF2F088005DCC2A /* FirebaseAuth in Frameworks */ = {isa = PBXBuildFile; productRef = 90B513C52DF2F088005DCC2A /* FirebaseAuth */; };
		90B513C82DF2F088005DCC2A /* FirebaseCore in Frameworks */ = {isa = PBXBuildFile; productRef = 90B513C72DF2F088005DCC2A /* FirebaseCore */; };
		90B513CA2DF2F088005DCC2A /* FirebaseFirestore in Frameworks */ = {isa = PBXBuildFile; productRef = 90B513C92DF2F088005DCC2A /* FirebaseFirestore */; };
		90B513CD2DF2F0A3005DCC2A /* GoogleSignIn in Frameworks */ = {isa = PBXBuildFile; productRef = 90B513CC2DF2F0A3005DCC2A /* GoogleSignIn */; };
		90B513CF2DF2F0A3005DCC2A /* GoogleSignInSwift in Frameworks */ = {isa = PBXBuildFile; productRef = 90B513CE2DF2F0A3005DCC2A /* GoogleSignInSwift */; };
/* End PBXBuildFile section */

/* Begin PBXContainerItemProxy section */
		90B513A62DF2EFEF005DCC2A /* PBXContainerItemProxy */ = {
			isa = PBXContainerItemProxy;
			containerPortal = 90B513902DF2EFEE005DCC2A /* Project object */;
			proxyType = 1;
			remoteGlobalIDString = 90B513972DF2EFEE005DCC2A;
			remoteInfo = "Bolonyay App";
		};
		90B513B02DF2EFEF005DCC2A /* PBXContainerItemProxy */ = {
			isa = PBXContainerItemProxy;
			containerPortal = 90B513902DF2EFEE005DCC2A /* Project object */;
			proxyType = 1;
			remoteGlobalIDString = 90B513972DF2EFEE005DCC2A;
			remoteInfo = "Bolonyay App";
		};
/* End PBXContainerItemProxy section */

/* Begin PBXFileReference section */
		90B513982DF2EFEE005DCC2A /* Bolonyay App.app */ = {isa = PBXFileReference; explicitFileType = wrapper.application; includeInIndex = 0; path = "Bolonyay App.app"; sourceTree = BUILT_PRODUCTS_DIR; };
		90B513A52DF2EFEF005DCC2A /* Bolonyay AppTests.xctest */ = {isa = PBXFileReference; explicitFileType = wrapper.cfbundle; includeInIndex = 0; path = "Bolonyay AppTests.xctest"; sourceTree = BUILT_PRODUCTS_DIR; };
		90B513AF2DF2EFEF005DCC2A /* Bolonyay AppUITests.xctest */ = {isa = PBXFileReference; explicitFileType = wrapper.cfbundle; includeInIndex = 0; path = "Bolonyay AppUITests.xctest"; sourceTree = BUILT_PRODUCTS_DIR; };
/* End PBXFileReference section */

/* Begin PBXFileSystemSynchronizedRootGroup section */
		90B5139A2DF2EFEE005DCC2A /* Bolonyay App */ = {
			isa = PBXFileSystemSynchronizedRootGroup;
			path = "Bolonyay App";
			sourceTree = "<group>";
		};
		90B513A82DF2EFEF005DCC2A /* Bolonyay AppTests */ = {
			isa = PBXFileSystemSynchronizedRootGroup;
			path = "Bolonyay AppTests";
			sourceTree = "<group>";
		};
		90B513B22DF2EFEF005DCC2A /* Bolonyay AppUITests */ = {
			isa = PBXFileSystemSynchronizedRootGroup;
			path = "Bolonyay AppUITests";
			sourceTree = "<group>";
		};
/* End PBXFileSystemSynchronizedRootGroup section */

/* Begin PBXFrameworksBuildPhase section */
		90B513952DF2EFEE005DCC2A /* Frameworks */ = {
			isa = PBXFrameworksBuildPhase;
			buildActionMask = 2147483647;
			files = (
				90B513CD2DF2F0A3005DCC2A /* GoogleSignIn in Frameworks */,
				90B513C42DF2F088005DCC2A /* FirebaseAnalytics in Frameworks */,
				90B513CA2DF2F088005DCC2A /* FirebaseFirestore in Frameworks */,
				90B513CF2DF2F0A3005DCC2A /* GoogleSignInSwift in Frameworks */,
				90B513C82DF2F088005DCC2A /* FirebaseCore in Frameworks */,
				90B513C62DF2F088005DCC2A /* FirebaseAuth in Frameworks */,
			);
			runOnlyForDeploymentPostprocessing = 0;
		};
		90B513A22DF2EFEF005DCC2A /* Frameworks */ = {
			isa = PBXFrameworksBuildPhase;
			buildActionMask = 2147483647;
			files = (
			);
			runOnlyForDeploymentPostprocessing = 0;
		};
		90B513AC2DF2EFEF005DCC2A /* Frameworks */ = {
			isa = PBXFrameworksBuildPhase;
			buildActionMask = 2147483647;
			files = (
			);
			runOnlyForDeploymentPostprocessing = 0;
		};
/* End PBXFrameworksBuildPhase section */

/* Begin PBXGroup section */
		90B5138F2DF2EFEE005DCC2A = {
			isa = PBXGroup;
			children = (
				90B5139A2DF2EFEE005DCC2A /* Bolonyay App */,
				90B513A82DF2EFEF005DCC2A /* Bolonyay AppTests */,
				90B513B22DF2EFEF005DCC2A /* Bolonyay AppUITests */,
				90B513992DF2EFEE005DCC2A /* Products */,
			);
			sourceTree = "<group>";
		};
		90B513992DF2EFEE005DCC2A /* Products */ = {
			isa = PBXGroup;
			children = (
				90B513982DF2EFEE005DCC2A /* Bolonyay App.app */,
				90B513A52DF2EFEF005DCC2A /* Bolonyay AppTests.xctest */,
				90B513AF2DF2EFEF005DCC2A /* Bolonyay AppUITests.xctest */,
			);
			name = Products;
			sourceTree = "<group>";
		};
/* End PBXGroup section */

/* Begin PBXNativeTarget section */
		90B513972DF2EFEE005DCC2A /* Bolonyay App */ = {
			isa = PBXNativeTarget;
			buildConfigurationList = 90B513B92DF2EFEF005DCC2A /* Build configuration list for PBXNativeTarget "Bolonyay App" */;
			buildPhases = (
				90B513942DF2EFEE005DCC2A /* Sources */,
				90B513952DF2EFEE005DCC2A /* Frameworks */,
				90B513962DF2EFEE005DCC2A /* Resources */,
			);
			buildRules = (
			);
			dependencies = (
			);
			fileSystemSynchronizedGroups = (
				90B5139A2DF2EFEE005DCC2A /* Bolonyay App */,
			);
			name = "Bolonyay App";
			packageProductDependencies = (
				90B513C32DF2F088005DCC2A /* FirebaseAnalytics */,
				90B513C52DF2F088005DCC2A /* FirebaseAuth */,
				90B513C72DF2F088005DCC2A /* FirebaseCore */,
				90B513C92DF2F088005DCC2A /* FirebaseFirestore */,
				90B513CC2DF2F0A3005DCC2A /* GoogleSignIn */,
				90B513CE2DF2F0A3005DCC2A /* GoogleSignInSwift */,
			);
			productName = "Bolonyay App";
			productReference = 90B513982DF2EFEE005DCC2A /* Bolonyay App.app */;
			productType = "com.apple.product-type.application";
		};
		90B513A42DF2EFEF005DCC2A /* Bolonyay AppTests */ = {
			isa = PBXNativeTarget;
			buildConfigurationList = 90B513BC2DF2EFEF005DCC2A /* Build configuration list for PBXNativeTarget "Bolonyay AppTests" */;
			buildPhases = (
				90B513A12DF2EFEF005DCC2A /* Sources */,
				90B513A22DF2EFEF005DCC2A /* Frameworks */,
				90B513A32DF2EFEF005DCC2A /* Resources */,
			);
			buildRules = (
			);
			dependencies = (
				90B513A72DF2EFEF005DCC2A /* PBXTargetDependency */,
			);
			fileSystemSynchronizedGroups = (
				90B513A82DF2EFEF005DCC2A /* Bolonyay AppTests */,
			);
			name = "Bolonyay AppTests";
			packageProductDependencies = (
			);
			productName = "Bolonyay AppTests";
			productReference = 90B513A52DF2EFEF005DCC2A /* Bolonyay AppTests.xctest */;
			productType = "com.apple.product-type.bundle.unit-test";
		};
		90B513AE2DF2EFEF005DCC2A /* Bolonyay AppUITests */ = {
			isa = PBXNativeTarget;
			buildConfigurationList = 90B513BF2DF2EFEF005DCC2A /* Build configuration list for PBXNativeTarget "Bolonyay AppUITests" */;
			buildPhases = (
				90B513AB2DF2EFEF005DCC2A /* Sources */,
				90B513AC2DF2EFEF005DCC2A /* Frameworks */,
				90B513AD2DF2EFEF005DCC2A /* Resources */,
			);
			buildRules = (
			);
			dependencies = (
				90B513B12DF2EFEF005DCC2A /* PBXTargetDependency */,
			);
			fileSystemSynchronizedGroups = (
				90B513B22DF2EFEF005DCC2A /* Bolonyay AppUITests */,
			);
			name = "Bolonyay AppUITests";
			packageProductDependencies = (
			);
			productName = "Bolonyay AppUITests";
			productReference = 90B513AF2DF2EFEF005DCC2A /* Bolonyay AppUITests.xctest */;
			productType = "com.apple.product-type.bundle.ui-testing";
		};
/* End PBXNativeTarget section */

/* Begin PBXProject section */
		90B513902DF2EFEE005DCC2A /* Project object */ = {
			isa = PBXProject;
			attributes = {
				BuildIndependentTargetsInParallel = 1;
				LastSwiftUpdateCheck = 1630;
				LastUpgradeCheck = 1630;
				TargetAttributes = {
					90B513972DF2EFEE005DCC2A = {
						CreatedOnToolsVersion = 16.3;
					};
					90B513A42DF2EFEF005DCC2A = {
						CreatedOnToolsVersion = 16.3;
						TestTargetID = 90B513972DF2EFEE005DCC2A;
					};
					90B513AE2DF2EFEF005DCC2A = {
						CreatedOnToolsVersion = 16.3;
						TestTargetID = 90B513972DF2EFEE005DCC2A;
					};
				};
			};
			buildConfigurationList = 90B513932DF2EFEE005DCC2A /* Build configuration list for PBXProject "Bolonyay App" */;
			developmentRegion = en;
			hasScannedForEncodings = 0;
			knownRegions = (
				en,
				Base,
			);
			mainGroup = 90B5138F2DF2EFEE005DCC2A;
			minimizedProjectReferenceProxies = 1;
			packageReferences = (
				90B513C22DF2F088005DCC2A /* XCRemoteSwiftPackageReference "firebase-ios-sdk" */,
				90B513CB2DF2F0A3005DCC2A /* XCRemoteSwiftPackageReference "GoogleSignIn-iOS" */,
			);
			preferredProjectObjectVersion = 77;
			productRefGroup = 90B513992DF2EFEE005DCC2A /* Products */;
			projectDirPath = "";
			projectRoot = "";
			targets = (
				90B513972DF2EFEE005DCC2A /* Bolonyay App */,
				90B513A42DF2EFEF005DCC2A /* Bolonyay AppTests */,
				90B513AE2DF2EFEF005DCC2A /* Bolonyay AppUITests */,
			);
		};
/* End PBXProject section */

/* Begin PBXResourcesBuildPhase section */
		90B513962DF2EFEE005DCC2A /* Resources */ = {
			isa = PBXResourcesBuildPhase;
			buildActionMask = 2147483647;
			files = (
			);
			runOnlyForDeploymentPostprocessing = 0;
		};
		90B513A32DF2EFEF005DCC2A /* Resources */ = {
			isa = PBXResourcesBuildPhase;
			buildActionMask = 2147483647;
			files = (
			);
			runOnlyForDeploymentPostprocessing = 0;
		};
		90B513AD2DF2EFEF005DCC2A /* Resources */ = {
			isa = PBXResourcesBuildPhase;
			buildActionMask = 2147483647;
			files = (
			);
			runOnlyForDeploymentPostprocessing = 0;
		};
/* End PBXResourcesBuildPhase section */

/* Begin PBXSourcesBuildPhase section */
		90B513942DF2EFEE005DCC2A /* Sources */ = {
			isa = PBXSourcesBuildPhase;
			buildActionMask = 2147483647;
			files = (
			);
			runOnlyForDeploymentPostprocessing = 0;
		};
		90B513A12DF2EFEF005DCC2A /* Sources */ = {
			isa = PBXSourcesBuildPhase;
			buildActionMask = 2147483647;
			files = (
			);
			runOnlyForDeploymentPostprocessing = 0;
		};
		90B513AB2DF2EFEF005DCC2A /* Sources */ = {
			isa = PBXSourcesBuildPhase;
			buildActionMask = 2147483647;
			files = (
			);
			runOnlyForDeploymentPostprocessing = 0;
		};
/* End PBXSourcesBuildPhase section */

/* Begin PBXTargetDependency section */
		90B513A72DF2EFEF005DCC2A /* PBXTargetDependency */ = {
			isa = PBXTargetDependency;
			target = 90B513972DF2EFEE005DCC2A /* Bolonyay App */;
			targetProxy = 90B513A62DF2EFEF005DCC2A /* PBXContainerItemProxy */;
		};
		90B513B12DF2EFEF005DCC2A /* PBXTargetDependency */ = {
			isa = PBXTargetDependency;
			target = 90B513972DF2EFEE005DCC2A /* Bolonyay App */;
			targetProxy = 90B513B02DF2EFEF005DCC2A /* PBXContainerItemProxy */;
		};
/* End PBXTargetDependency section */

/* Begin XCBuildConfiguration section */
		90B513B72DF2EFEF005DCC2A /* Debug */ = {
			isa = XCBuildConfiguration;
			buildSettings = {
				ALWAYS_SEARCH_USER_PATHS = NO;
				ASSETCATALOG_COMPILER_GENERATE_SWIFT_ASSET_SYMBOL_EXTENSIONS = YES;
				CLANG_ANALYZER_NONNULL = YES;
				CLANG_ANALYZER_NUMBER_OBJECT_CONVERSION = YES_AGGRESSIVE;
				CLANG_CXX_LANGUAGE_STANDARD = "gnu++20";
				CLANG_ENABLE_MODULES = YES;
				CLANG_ENABLE_OBJC_ARC = YES;
				CLANG_ENABLE_OBJC_WEAK = YES;
				CLANG_WARN_BLOCK_CAPTURE_AUTORELEASING = YES;
				CLANG_WARN_BOOL_CONVERSION = YES;
				CLANG_WARN_COMMA = YES;
				CLANG_WARN_CONSTANT_CONVERSION = YES;
				CLANG_WARN_DEPRECATED_OBJC_IMPLEMENTATIONS = YES;
				CLANG_WARN_DIRECT_OBJC_ISA_USAGE = YES_ERROR;
				CLANG_WARN_DOCUMENTATION_COMMENTS = YES;
				CLANG_WARN_EMPTY_BODY = YES;
				CLANG_WARN_ENUM_CONVERSION = YES;
				CLANG_WARN_INFINITE_RECURSION = YES;
				CLANG_WARN_INT_CONVERSION = YES;
				CLANG_WARN_NON_LITERAL_NULL_CONVERSION = YES;
				CLANG_WARN_OBJC_IMPLICIT_RETAIN_SELF = YES;
				CLANG_WARN_OBJC_LITERAL_CONVERSION = YES;
				CLANG_WARN_OBJC_ROOT_CLASS = YES_ERROR;
				CLANG_WARN_QUOTED_INCLUDE_IN_FRAMEWORK_HEADER = YES;
				CLANG_WARN_RANGE_LOOP_ANALYSIS = YES;
				CLANG_WARN_STRICT_PROTOTYPES = YES;
				CLANG_WARN_SUSPICIOUS_MOVE = YES;
				CLANG_WARN_UNGUARDED_AVAILABILITY = YES_AGGRESSIVE;
				CLANG_WARN_UNREACHABLE_CODE = YES;
				CLANG_WARN__DUPLICATE_METHOD_MATCH = YES;
				COPY_PHASE_STRIP = NO;
				DEBUG_INFORMATION_FORMAT = dwarf;
				DEVELOPMENT_TEAM = 8D5D6HU857;
				ENABLE_STRICT_OBJC_MSGSEND = YES;
				ENABLE_TESTABILITY = YES;
				ENABLE_USER_SCRIPT_SANDBOXING = YES;
				GCC_C_LANGUAGE_STANDARD = gnu17;
				GCC_DYNAMIC_NO_PIC = NO;
				GCC_NO_COMMON_BLOCKS = YES;
				GCC_OPTIMIZATION_LEVEL = 0;
				GCC_PREPROCESSOR_DEFINITIONS = (
					"DEBUG=1",
					"$(inherited)",
				);
				GCC_WARN_64_TO_32_BIT_CONVERSION = YES;
				GCC_WARN_ABOUT_RETURN_TYPE = YES_ERROR;
				GCC_WARN_UNDECLARED_SELECTOR = YES;
				GCC_WARN_UNINITIALIZED_AUTOS = YES_AGGRESSIVE;
				GCC_WARN_UNUSED_FUNCTION = YES;
				GCC_WARN_UNUSED_VARIABLE = YES;
				IPHONEOS_DEPLOYMENT_TARGET = 18.4;
				LOCALIZATION_PREFERS_STRING_CATALOGS = YES;
				MTL_ENABLE_DEBUG_INFO = INCLUDE_SOURCE;
				MTL_FAST_MATH = YES;
				ONLY_ACTIVE_ARCH = YES;
				SDKROOT = iphoneos;
				SWIFT_ACTIVE_COMPILATION_CONDITIONS = "DEBUG $(inherited)";
				SWIFT_OPTIMIZATION_LEVEL = "-Onone";
			};
			name = Debug;
		};
		90B513B82DF2EFEF005DCC2A /* Release */ = {
			isa = XCBuildConfiguration;
			buildSettings = {
				ALWAYS_SEARCH_USER_PATHS = NO;
				ASSETCATALOG_COMPILER_GENERATE_SWIFT_ASSET_SYMBOL_EXTENSIONS = YES;
				CLANG_ANALYZER_NONNULL = YES;
				CLANG_ANALYZER_NUMBER_OBJECT_CONVERSION = YES_AGGRESSIVE;
				CLANG_CXX_LANGUAGE_STANDARD = "gnu++20";
				CLANG_ENABLE_MODULES = YES;
				CLANG_ENABLE_OBJC_ARC = YES;
				CLANG_ENABLE_OBJC_WEAK = YES;
				CLANG_WARN_BLOCK_CAPTURE_AUTORELEASING = YES;
				CLANG_WARN_BOOL_CONVERSION = YES;
				CLANG_WARN_COMMA = YES;
				CLANG_WARN_CONSTANT_CONVERSION = YES;
				CLANG_WARN_DEPRECATED_OBJC_IMPLEMENTATIONS = YES;
				CLANG_WARN_DIRECT_OBJC_ISA_USAGE = YES_ERROR;
				CLANG_WARN_DOCUMENTATION_COMMENTS = YES;
				CLANG_WARN_EMPTY_BODY = YES;
				CLANG_WARN_ENUM_CONVERSION = YES;
				CLANG_WARN_INFINITE_RECURSION = YES;
				CLANG_WARN_INT_CONVERSION = YES;
				CLANG_WARN_NON_LITERAL_NULL_CONVERSION = YES;
				CLANG_WARN_OBJC_IMPLICIT_RETAIN_SELF = YES;
				CLANG_WARN_OBJC_LITERAL_CONVERSION = YES;
				CLANG_WARN_OBJC_ROOT_CLASS = YES_ERROR;
				CLANG_WARN_QUOTED_INCLUDE_IN_FRAMEWORK_HEADER = YES;
				CLANG_WARN_RANGE_LOOP_ANALYSIS = YES;
				CLANG_WARN_STRICT_PROTOTYPES = YES;
				CLANG_WARN_SUSPICIOUS_MOVE = YES;
				CLANG_WARN_UNGUARDED_AVAILABILITY = YES_AGGRESSIVE;
				CLANG_WARN_UNREACHABLE_CODE = YES;
				CLANG_WARN__DUPLICATE_METHOD_MATCH = YES;
				COPY_PHASE_STRIP = NO;
				DEBUG_INFORMATION_FORMAT = "dwarf-with-dsym";
				DEVELOPMENT_TEAM = 8D5D6HU857;
				ENABLE_NS_ASSERTIONS = NO;
				ENABLE_STRICT_OBJC_MSGSEND = YES;
				ENABLE_USER_SCRIPT_SANDBOXING = YES;
				GCC_C_LANGUAGE_STANDARD = gnu17;
				GCC_NO_COMMON_BLOCKS = YES;
				GCC_WARN_64_TO_32_BIT_CONVERSION = YES;
				GCC_WARN_ABOUT_RETURN_TYPE = YES_ERROR;
				GCC_WARN_UNDECLARED_SELECTOR = YES;
				GCC_WARN_UNINITIALIZED_AUTOS = YES_AGGRESSIVE;
				GCC_WARN_UNUSED_FUNCTION = YES;
				GCC_WARN_UNUSED_VARIABLE = YES;
				IPHONEOS_DEPLOYMENT_TARGET = 18.4;
				LOCALIZATION_PREFERS_STRING_CATALOGS = YES;
				MTL_ENABLE_DEBUG_INFO = NO;
				MTL_FAST_MATH = YES;
				SDKROOT = iphoneos;
				SWIFT_COMPILATION_MODE = wholemodule;
				VALIDATE_PRODUCT = YES;
			};
			name = Release;
		};
		90B513BA2DF2EFEF005DCC2A /* Debug */ = {
			isa = XCBuildConfiguration;
			buildSettings = {
				ASSETCATALOG_COMPILER_APPICON_NAME = AppIcon;
				ASSETCATALOG_COMPILER_GLOBAL_ACCENT_COLOR_NAME = AccentColor;
				CODE_SIGN_STYLE = Automatic;
				CURRENT_PROJECT_VERSION = 1;
				DEVELOPMENT_TEAM = 8D5D6HU857;
				ENABLE_PREVIEWS = YES;
				GENERATE_INFOPLIST_FILE = YES;
				INFOPLIST_FILE = "Bolonyay-App-Info.plist";
				INFOPLIST_KEY_UIApplicationSceneManifest_Generation = YES;
				INFOPLIST_KEY_UIApplicationSupportsIndirectInputEvents = YES;
				INFOPLIST_KEY_UILaunchScreen_Generation = YES;
				INFOPLIST_KEY_UISupportedInterfaceOrientations_iPad = "UIInterfaceOrientationPortrait UIInterfaceOrientationPortraitUpsideDown UIInterfaceOrientationLandscapeLeft UIInterfaceOrientationLandscapeRight";
				INFOPLIST_KEY_UISupportedInterfaceOrientations_iPhone = "UIInterfaceOrientationPortrait UIInterfaceOrientationLandscapeLeft UIInterfaceOrientationLandscapeRight";
				LD_RUNPATH_SEARCH_PATHS = (
					"$(inherited)",
					"@executable_path/Frameworks",
				);
				MARKETING_VERSION = 1.0;
				PRODUCT_BUNDLE_IDENTIFIER = "Manu.Bolonyay-App";
				PRODUCT_NAME = "$(TARGET_NAME)";
				SWIFT_EMIT_LOC_STRINGS = YES;
				SWIFT_VERSION = 5.0;
				TARGETED_DEVICE_FAMILY = "1,2";
			};
			name = Debug;
		};
		90B513BB2DF2EFEF005DCC2A /* Release */ = {
			isa = XCBuildConfiguration;
			buildSettings = {
				ASSETCATALOG_COMPILER_APPICON_NAME = AppIcon;
				ASSETCATALOG_COMPILER_GLOBAL_ACCENT_COLOR_NAME = AccentColor;
				CODE_SIGN_STYLE = Automatic;
				CURRENT_PROJECT_VERSION = 1;
				DEVELOPMENT_TEAM = 8D5D6HU857;
				ENABLE_PREVIEWS = YES;
				GENERATE_INFOPLIST_FILE = YES;
				INFOPLIST_FILE = "Bolonyay-App-Info.plist";
				INFOPLIST_KEY_UIApplicationSceneManifest_Generation = YES;
				INFOPLIST_KEY_UIApplicationSupportsIndirectInputEvents = YES;
				INFOPLIST_KEY_UILaunchScreen_Generation = YES;
				INFOPLIST_KEY_UISupportedInterfaceOrientations_iPad = "UIInterfaceOrientationPortrait UIInterfaceOrientationPortraitUpsideDown UIInterfaceOrientationLandscapeLeft UIInterfaceOrientationLandscapeRight";
				INFOPLIST_KEY_UISupportedInterfaceOrientations_iPhone = "UIInterfaceOrientationPortrait UIInterfaceOrientationLandscapeLeft UIInterfaceOrientationLandscapeRight";
				LD_RUNPATH_SEARCH_PATHS = (
					"$(inherited)",
					"@executable_path/Frameworks",
				);
				MARKETING_VERSION = 1.0;
				PRODUCT_BUNDLE_IDENTIFIER = "Manu.Bolonyay-App";
				PRODUCT_NAME = "$(TARGET_NAME)";
				SWIFT_EMIT_LOC_STRINGS = YES;
				SWIFT_VERSION = 5.0;
				TARGETED_DEVICE_FAMILY = "1,2";
			};
			name = Release;
		};
		90B513BD2DF2EFEF005DCC2A /* Debug */ = {
			isa = XCBuildConfiguration;
			buildSettings = {
				BUNDLE_LOADER = "$(TEST_HOST)";
				CODE_SIGN_STYLE = Automatic;
				CURRENT_PROJECT_VERSION = 1;
				DEVELOPMENT_TEAM = 8D5D6HU857;
				GENERATE_INFOPLIST_FILE = YES;
				IPHONEOS_DEPLOYMENT_TARGET = 18.4;
				MARKETING_VERSION = 1.0;
				PRODUCT_BUNDLE_IDENTIFIER = "Manu.Bolonyay-AppTests";
				PRODUCT_NAME = "$(TARGET_NAME)";
				SWIFT_EMIT_LOC_STRINGS = NO;
				SWIFT_VERSION = 5.0;
				TARGETED_DEVICE_FAMILY = "1,2";
				TEST_HOST = "$(BUILT_PRODUCTS_DIR)/Bolonyay App.app/$(BUNDLE_EXECUTABLE_FOLDER_PATH)/Bolonyay App";
			};
			name = Debug;
		};
		90B513BE2DF2EFEF005DCC2A /* Release */ = {
			isa = XCBuildConfiguration;
			buildSettings = {
				BUNDLE_LOADER = "$(TEST_HOST)";
				CODE_SIGN_STYLE = Automatic;
				CURRENT_PROJECT_VERSION = 1;
				DEVELOPMENT_TEAM = 8D5D6HU857;
				GENERATE_INFOPLIST_FILE = YES;
				IPHONEOS_DEPLOYMENT_TARGET = 18.4;
				MARKETING_VERSION = 1.0;
				PRODUCT_BUNDLE_IDENTIFIER = "Manu.Bolonyay-AppTests";
				PRODUCT_NAME = "$(TARGET_NAME)";
				SWIFT_EMIT_LOC_STRINGS = NO;
				SWIFT_VERSION = 5.0;
				TARGETED_DEVICE_FAMILY = "1,2";
				TEST_HOST = "$(BUILT_PRODUCTS_DIR)/Bolonyay App.app/$(BUNDLE_EXECUTABLE_FOLDER_PATH)/Bolonyay App";
			};
			name = Release;
		};
		90B513C02DF2EFEF005DCC2A /* Debug */ = {
			isa = XCBuildConfiguration;
			buildSettings = {
				CODE_SIGN_STYLE = Automatic;
				CURRENT_PROJECT_VERSION = 1;
				DEVELOPMENT_TEAM = 8D5D6HU857;
				GENERATE_INFOPLIST_FILE = YES;
				MARKETING_VERSION = 1.0;
				PRODUCT_BUNDLE_IDENTIFIER = "Manu.Bolonyay-AppUITests";
				PRODUCT_NAME = "$(TARGET_NAME)";
				SWIFT_EMIT_LOC_STRINGS = NO;
				SWIFT_VERSION = 5.0;
				TARGETED_DEVICE_FAMILY = "1,2";
				TEST_TARGET_NAME = "Bolonyay App";
			};
			name = Debug;
		};
		90B513C12DF2EFEF005DCC2A /* Release */ = {
			isa = XCBuildConfiguration;
			buildSettings = {
				CODE_SIGN_STYLE = Automatic;
				CURRENT_PROJECT_VERSION = 1;
				DEVELOPMENT_TEAM = 8D5D6HU857;
				GENERATE_INFOPLIST_FILE = YES;
				MARKETING_VERSION = 1.0;
				PRODUCT_BUNDLE_IDENTIFIER = "Manu.Bolonyay-AppUITests";
				PRODUCT_NAME = "$(TARGET_NAME)";
				SWIFT_EMIT_LOC_STRINGS = NO;
				SWIFT_VERSION = 5.0;
				TARGETED_DEVICE_FAMILY = "1,2";
				TEST_TARGET_NAME = "Bolonyay App";
			};
			name = Release;
		};
/* End XCBuildConfiguration section */

/* Begin XCConfigurationList section */
		90B513932DF2EFEE005DCC2A /* Build configuration list for PBXProject "Bolonyay App" */ = {
			isa = XCConfigurationList;
			buildConfigurations = (
				90B513B72DF2EFEF005DCC2A /* Debug */,
				90B513B82DF2EFEF005DCC2A /* Release */,
			);
			defaultConfigurationIsVisible = 0;
			defaultConfigurationName = Release;
		};
		90B513B92DF2EFEF005DCC2A /* Build configuration list for PBXNativeTarget "Bolonyay App" */ = {
			isa = XCConfigurationList;
			buildConfigurations = (
				90B513BA2DF2EFEF005DCC2A /* Debug */,
				90B513BB2DF2EFEF005DCC2A /* Release */,
			);
			defaultConfigurationIsVisible = 0;
			defaultConfigurationName = Release;
		};
		90B513BC2DF2EFEF005DCC2A /* Build configuration list for PBXNativeTarget "Bolonyay AppTests" */ = {
			isa = XCConfigurationList;
			buildConfigurations = (
				90B513BD2DF2EFEF005DCC2A /* Debug */,
				90B513BE2DF2EFEF005DCC2A /* Release */,
			);
			defaultConfigurationIsVisible = 0;
			defaultConfigurationName = Release;
		};
		90B513BF2DF2EFEF005DCC2A /* Build configuration list for PBXNativeTarget "Bolonyay AppUITests" */ = {
			isa = XCConfigurationList;
			buildConfigurations = (
				90B513C02DF2EFEF005DCC2A /* Debug */,
				90B513C12DF2EFEF005DCC2A /* Release */,
			);
			defaultConfigurationIsVisible = 0;
			defaultConfigurationName = Release;
		};
/* End XCConfigurationList section */

/* Begin XCRemoteSwiftPackageReference section */
		90B513C22DF2F088005DCC2A /* XCRemoteSwiftPackageReference "firebase-ios-sdk" */ = {
			isa = XCRemoteSwiftPackageReference;
			repositoryURL = "https://github.com/firebase/firebase-ios-sdk.git";
			requirement = {
				kind = upToNextMajorVersion;
				minimumVersion = 11.14.0;
			};
		};
		90B513CB2DF2F0A3005DCC2A /* XCRemoteSwiftPackageReference "GoogleSignIn-iOS" */ = {
			isa = XCRemoteSwiftPackageReference;
			repositoryURL = "https://github.com/google/GoogleSignIn-iOS.git";
			requirement = {
				kind = upToNextMajorVersion;
				minimumVersion = 8.0.0;
			};
		};
/* End XCRemoteSwiftPackageReference section */

/* Begin XCSwiftPackageProductDependency section */
		90B513C32DF2F088005DCC2A /* FirebaseAnalytics */ = {
			isa = XCSwiftPackageProductDependency;
			package = 90B513C22DF2F088005DCC2A /* XCRemoteSwiftPackageReference "firebase-ios-sdk" */;
			productName = FirebaseAnalytics;
		};
		90B513C52DF2F088005DCC2A /* FirebaseAuth */ = {
			isa = XCSwiftPackageProductDependency;
			package = 90B513C22DF2F088005DCC2A /* XCRemoteSwiftPackageReference "firebase-ios-sdk" */;
			productName = FirebaseAuth;
		};
		90B513C72DF2F088005DCC2A /* FirebaseCore */ = {
			isa = XCSwiftPackageProductDependency;
			package = 90B513C22DF2F088005DCC2A /* XCRemoteSwiftPackageReference "firebase-ios-sdk" */;
			productName = FirebaseCore;
		};
		90B513C92DF2F088005DCC2A /* FirebaseFirestore */ = {
			isa = XCSwiftPackageProductDependency;
			package = 90B513C22DF2F088005DCC2A /* XCRemoteSwiftPackageReference "firebase-ios-sdk" */;
			productName = FirebaseFirestore;
		};
		90B513CC2DF2F0A3005DCC2A /* GoogleSignIn */ = {
			isa = XCSwiftPackageProductDependency;
			package = 90B513CB2DF2F0A3005DCC2A /* XCRemoteSwiftPackageReference "GoogleSignIn-iOS" */;
			productName = GoogleSignIn;
		};
		90B513CE2DF2F0A3005DCC2A /* GoogleSignInSwift */ = {
			isa = XCSwiftPackageProductDependency;
			package = 90B513CB2DF2F0A3005DCC2A /* XCRemoteSwiftPackageReference "GoogleSignIn-iOS" */;
			productName = GoogleSignInSwift;
		};
/* End XCSwiftPackageProductDependency section */
	};
	rootObject = 90B513902DF2EFEE005DCC2A /* Project object */;
}
